// !$*UTF8*$!
{
	archiveVersion = 1;
	classes = {
	};
	objectVersion = 50;
	objects = {

/* Begin PBXBuildFile section */
		28BA596D216A25310092C090 /* AppDelegate.swift in Sources */ = {isa = PBXBuildFile; fileRef = 28BA596C216A25310092C090 /* AppDelegate.swift */; };
		28BA5974216A25330092C090 /* Assets.xcassets in Resources */ = {isa = PBXBuildFile; fileRef = 28BA5973216A25330092C090 /* Assets.xcassets */; };
		28BA5977216A25330092C090 /* LaunchScreen.storyboard in Resources */ = {isa = PBXBuildFile; fileRef = 28BA5975216A25330092C090 /* LaunchScreen.storyboard */; };
		28BA5982216A25330092C090 /* WikipediaDemoTests.swift in Sources */ = {isa = PBXBuildFile; fileRef = 28BA5981216A25330092C090 /* WikipediaDemoTests.swift */; };
		28BA598D216A25330092C090 /* WikipediaDemoUITests.swift in Sources */ = {isa = PBXBuildFile; fileRef = 28BA598C216A25330092C090 /* WikipediaDemoUITests.swift */; };
		28BA59A8216A2B440092C090 /* Router.swift in Sources */ = {isa = PBXBuildFile; fileRef = 28BA59A7216A2B440092C090 /* Router.swift */; };
		28BA59AB216A2BBD0092C090 /* Search.storyboard in Resources */ = {isa = PBXBuildFile; fileRef = 28BA59A9216A2BBD0092C090 /* Search.storyboard */; };
		28BA59AD216A2CE50092C090 /* SearchViewController.swift in Sources */ = {isa = PBXBuildFile; fileRef = 28BA59AC216A2CE50092C090 /* SearchViewController.swift */; };
		28BA59AF216A2D010092C090 /* SearchViewModel.swift in Sources */ = {isa = PBXBuildFile; fileRef = 28BA59AE216A2D010092C090 /* SearchViewModel.swift */; };
/* End PBXBuildFile section */

/* Begin PBXContainerItemProxy section */
		28BA597E216A25330092C090 /* PBXContainerItemProxy */ = {
			isa = PBXContainerItemProxy;
			containerPortal = 28BA5961216A25310092C090 /* Project object */;
			proxyType = 1;
			remoteGlobalIDString = 28BA5968216A25310092C090;
			remoteInfo = WikipediaDemo;
		};
		28BA5989216A25330092C090 /* PBXContainerItemProxy */ = {
			isa = PBXContainerItemProxy;
			containerPortal = 28BA5961216A25310092C090 /* Project object */;
			proxyType = 1;
			remoteGlobalIDString = 28BA5968216A25310092C090;
			remoteInfo = WikipediaDemo;
		};
/* End PBXContainerItemProxy section */

/* Begin PBXFileReference section */
		28BA5969216A25310092C090 /* WikipediaDemo.app */ = {isa = PBXFileReference; explicitFileType = wrapper.application; includeInIndex = 0; path = WikipediaDemo.app; sourceTree = BUILT_PRODUCTS_DIR; };
		28BA596C216A25310092C090 /* AppDelegate.swift */ = {isa = PBXFileReference; lastKnownFileType = sourcecode.swift; path = AppDelegate.swift; sourceTree = "<group>"; };
		28BA5973216A25330092C090 /* Assets.xcassets */ = {isa = PBXFileReference; lastKnownFileType = folder.assetcatalog; path = Assets.xcassets; sourceTree = "<group>"; };
		28BA5976216A25330092C090 /* Base */ = {isa = PBXFileReference; lastKnownFileType = file.storyboard; name = Base; path = Base.lproj/LaunchScreen.storyboard; sourceTree = "<group>"; };
		28BA5978216A25330092C090 /* Info.plist */ = {isa = PBXFileReference; lastKnownFileType = text.plist.xml; path = Info.plist; sourceTree = "<group>"; };
		28BA597D216A25330092C090 /* WikipediaDemoTests.xctest */ = {isa = PBXFileReference; explicitFileType = wrapper.cfbundle; includeInIndex = 0; path = WikipediaDemoTests.xctest; sourceTree = BUILT_PRODUCTS_DIR; };
		28BA5981216A25330092C090 /* WikipediaDemoTests.swift */ = {isa = PBXFileReference; lastKnownFileType = sourcecode.swift; path = WikipediaDemoTests.swift; sourceTree = "<group>"; };
		28BA5983216A25330092C090 /* Info.plist */ = {isa = PBXFileReference; lastKnownFileType = text.plist.xml; path = Info.plist; sourceTree = "<group>"; };
		28BA5988216A25330092C090 /* WikipediaDemoUITests.xctest */ = {isa = PBXFileReference; explicitFileType = wrapper.cfbundle; includeInIndex = 0; path = WikipediaDemoUITests.xctest; sourceTree = BUILT_PRODUCTS_DIR; };
		28BA598C216A25330092C090 /* WikipediaDemoUITests.swift */ = {isa = PBXFileReference; lastKnownFileType = sourcecode.swift; path = WikipediaDemoUITests.swift; sourceTree = "<group>"; };
		28BA598E216A25330092C090 /* Info.plist */ = {isa = PBXFileReference; lastKnownFileType = text.plist.xml; path = Info.plist; sourceTree = "<group>"; };
		28BA59A7216A2B440092C090 /* Router.swift */ = {isa = PBXFileReference; lastKnownFileType = sourcecode.swift; path = Router.swift; sourceTree = "<group>"; };
		28BA59AA216A2BBD0092C090 /* Base */ = {isa = PBXFileReference; lastKnownFileType = file.storyboard; name = Base; path = Base.lproj/Search.storyboard; sourceTree = "<group>"; };
		28BA59AC216A2CE50092C090 /* SearchViewController.swift */ = {isa = PBXFileReference; lastKnownFileType = sourcecode.swift; path = SearchViewController.swift; sourceTree = "<group>"; };
		28BA59AE216A2D010092C090 /* SearchViewModel.swift */ = {isa = PBXFileReference; lastKnownFileType = sourcecode.swift; path = SearchViewModel.swift; sourceTree = "<group>"; };
/* End PBXFileReference section */

/* Begin PBXFrameworksBuildPhase section */
		28BA5966216A25310092C090 /* Frameworks */ = {
			isa = PBXFrameworksBuildPhase;
			buildActionMask = 2147483647;
			files = (
			);
			runOnlyForDeploymentPostprocessing = 0;
		};
		28BA597A216A25330092C090 /* Frameworks */ = {
			isa = PBXFrameworksBuildPhase;
			buildActionMask = 2147483647;
			files = (
			);
			runOnlyForDeploymentPostprocessing = 0;
		};
		28BA5985216A25330092C090 /* Frameworks */ = {
			isa = PBXFrameworksBuildPhase;
			buildActionMask = 2147483647;
			files = (
			);
			runOnlyForDeploymentPostprocessing = 0;
		};
/* End PBXFrameworksBuildPhase section */

/* Begin PBXGroup section */
		28BA5960216A25310092C090 = {
			isa = PBXGroup;
			children = (
				28BA596B216A25310092C090 /* WikipediaDemo */,
				28BA5980216A25330092C090 /* WikipediaDemoTests */,
				28BA598B216A25330092C090 /* WikipediaDemoUITests */,
				28BA596A216A25310092C090 /* Products */,
			);
			sourceTree = "<group>";
		};
		28BA596A216A25310092C090 /* Products */ = {
			isa = PBXGroup;
			children = (
				28BA5969216A25310092C090 /* WikipediaDemo.app */,
				28BA597D216A25330092C090 /* WikipediaDemoTests.xctest */,
				28BA5988216A25330092C090 /* WikipediaDemoUITests.xctest */,
			);
			name = Products;
			sourceTree = "<group>";
		};
		28BA596B216A25310092C090 /* WikipediaDemo */ = {
			isa = PBXGroup;
			children = (
				28BA599B216A2A0D0092C090 /* Common */,
				28BA599A216A2A030092C090 /* Search module */,
			);
			path = WikipediaDemo;
			sourceTree = "<group>";
		};
		28BA5980216A25330092C090 /* WikipediaDemoTests */ = {
			isa = PBXGroup;
			children = (
				28BA5981216A25330092C090 /* WikipediaDemoTests.swift */,
				28BA5983216A25330092C090 /* Info.plist */,
			);
			path = WikipediaDemoTests;
			sourceTree = "<group>";
		};
		28BA598B216A25330092C090 /* WikipediaDemoUITests */ = {
			isa = PBXGroup;
			children = (
				28BA598C216A25330092C090 /* WikipediaDemoUITests.swift */,
				28BA598E216A25330092C090 /* Info.plist */,
			);
			path = WikipediaDemoUITests;
			sourceTree = "<group>";
		};
		28BA599A216A2A030092C090 /* Search module */ = {
			isa = PBXGroup;
			children = (
				28BA59A0216A2A360092C090 /* ViewModel */,
				28BA599F216A2A330092C090 /* UI */,
				28BA599E216A2A2B0092C090 /* Network */,
				28BA599D216A2A250092C090 /* Model */,
				28BA599C216A2A1C0092C090 /* Constants */,
			);
			path = "Search module";
			sourceTree = "<group>";
		};
		28BA599B216A2A0D0092C090 /* Common */ = {
			isa = PBXGroup;
			children = (
				28BA59A3216A2A550092C090 /* Resources */,
				28BA59A2216A2A4E0092C090 /* Router */,
				28BA59A1216A2A460092C090 /* Extensions */,
			);
			path = Common;
			sourceTree = "<group>";
		};
		28BA599C216A2A1C0092C090 /* Constants */ = {
			isa = PBXGroup;
			children = (
			);
			path = Constants;
			sourceTree = "<group>";
		};
		28BA599D216A2A250092C090 /* Model */ = {
			isa = PBXGroup;
			children = (
			);
			path = Model;
			sourceTree = "<group>";
		};
		28BA599E216A2A2B0092C090 /* Network */ = {
			isa = PBXGroup;
			children = (
			);
			path = Network;
			sourceTree = "<group>";
		};
		28BA599F216A2A330092C090 /* UI */ = {
			isa = PBXGroup;
			children = (
				28BA59A6216A2ACB0092C090 /* ViewController */,
				28BA59A5216A2AC20092C090 /* TableViewCells */,
				28BA59A4216A2AB90092C090 /* Storyboard */,
			);
			path = UI;
			sourceTree = "<group>";
		};
		28BA59A0216A2A360092C090 /* ViewModel */ = {
			isa = PBXGroup;
			children = (
				28BA59AE216A2D010092C090 /* SearchViewModel.swift */,
			);
			path = ViewModel;
			sourceTree = "<group>";
		};
		28BA59A1216A2A460092C090 /* Extensions */ = {
			isa = PBXGroup;
			children = (
			);
			path = Extensions;
			sourceTree = "<group>";
		};
		28BA59A2216A2A4E0092C090 /* Router */ = {
			isa = PBXGroup;
			children = (
				28BA59A7216A2B440092C090 /* Router.swift */,
			);
			path = Router;
			sourceTree = "<group>";
		};
		28BA59A3216A2A550092C090 /* Resources */ = {
			isa = PBXGroup;
			children = (
				28BA5975216A25330092C090 /* LaunchScreen.storyboard */,
				28BA596C216A25310092C090 /* AppDelegate.swift */,
				28BA5978216A25330092C090 /* Info.plist */,
				28BA5973216A25330092C090 /* Assets.xcassets */,
			);
			path = Resources;
			sourceTree = "<group>";
		};
		28BA59A4216A2AB90092C090 /* Storyboard */ = {
			isa = PBXGroup;
			children = (
				28BA59A9216A2BBD0092C090 /* Search.storyboard */,
			);
			path = Storyboard;
			sourceTree = "<group>";
		};
		28BA59A5216A2AC20092C090 /* TableViewCells */ = {
			isa = PBXGroup;
			children = (
			);
			path = TableViewCells;
			sourceTree = "<group>";
		};
		28BA59A6216A2ACB0092C090 /* ViewController */ = {
			isa = PBXGroup;
			children = (
				28BA59AC216A2CE50092C090 /* SearchViewController.swift */,
			);
			path = ViewController;
			sourceTree = "<group>";
		};
/* End PBXGroup section */

/* Begin PBXNativeTarget section */
		28BA5968216A25310092C090 /* WikipediaDemo */ = {
			isa = PBXNativeTarget;
			buildConfigurationList = 28BA5991216A25330092C090 /* Build configuration list for PBXNativeTarget "WikipediaDemo" */;
			buildPhases = (
				28BA5965216A25310092C090 /* Sources */,
				28BA5966216A25310092C090 /* Frameworks */,
				28BA5967216A25310092C090 /* Resources */,
			);
			buildRules = (
			);
			dependencies = (
			);
			name = WikipediaDemo;
			productName = WikipediaDemo;
			productReference = 28BA5969216A25310092C090 /* WikipediaDemo.app */;
			productType = "com.apple.product-type.application";
		};
		28BA597C216A25330092C090 /* WikipediaDemoTests */ = {
			isa = PBXNativeTarget;
			buildConfigurationList = 28BA5994216A25330092C090 /* Build configuration list for PBXNativeTarget "WikipediaDemoTests" */;
			buildPhases = (
				28BA5979216A25330092C090 /* Sources */,
				28BA597A216A25330092C090 /* Frameworks */,
				28BA597B216A25330092C090 /* Resources */,
			);
			buildRules = (
			);
			dependencies = (
				28BA597F216A25330092C090 /* PBXTargetDependency */,
			);
			name = WikipediaDemoTests;
			productName = WikipediaDemoTests;
			productReference = 28BA597D216A25330092C090 /* WikipediaDemoTests.xctest */;
			productType = "com.apple.product-type.bundle.unit-test";
		};
		28BA5987216A25330092C090 /* WikipediaDemoUITests */ = {
			isa = PBXNativeTarget;
			buildConfigurationList = 28BA5997216A25330092C090 /* Build configuration list for PBXNativeTarget "WikipediaDemoUITests" */;
			buildPhases = (
				28BA5984216A25330092C090 /* Sources */,
				28BA5985216A25330092C090 /* Frameworks */,
				28BA5986216A25330092C090 /* Resources */,
			);
			buildRules = (
			);
			dependencies = (
				28BA598A216A25330092C090 /* PBXTargetDependency */,
			);
			name = WikipediaDemoUITests;
			productName = WikipediaDemoUITests;
			productReference = 28BA5988216A25330092C090 /* WikipediaDemoUITests.xctest */;
			productType = "com.apple.product-type.bundle.ui-testing";
		};
/* End PBXNativeTarget section */

/* Begin PBXProject section */
		28BA5961216A25310092C090 /* Project object */ = {
			isa = PBXProject;
			attributes = {
				LastSwiftUpdateCheck = 0940;
				LastUpgradeCheck = 0940;
				ORGANIZATIONNAME = "Pradeep Rajkumar";
				TargetAttributes = {
					28BA5968216A25310092C090 = {
						CreatedOnToolsVersion = 9.4.1;
					};
					28BA597C216A25330092C090 = {
						CreatedOnToolsVersion = 9.4.1;
						TestTargetID = 28BA5968216A25310092C090;
					};
					28BA5987216A25330092C090 = {
						CreatedOnToolsVersion = 9.4.1;
						TestTargetID = 28BA5968216A25310092C090;
					};
				};
			};
			buildConfigurationList = 28BA5964216A25310092C090 /* Build configuration list for PBXProject "WikipediaDemo" */;
			compatibilityVersion = "Xcode 9.3";
			developmentRegion = en;
			hasScannedForEncodings = 0;
			knownRegions = (
				en,
				Base,
			);
			mainGroup = 28BA5960216A25310092C090;
			productRefGroup = 28BA596A216A25310092C090 /* Products */;
			projectDirPath = "";
			projectRoot = "";
			targets = (
				28BA5968216A25310092C090 /* WikipediaDemo */,
				28BA597C216A25330092C090 /* WikipediaDemoTests */,
				28BA5987216A25330092C090 /* WikipediaDemoUITests */,
			);
		};
/* End PBXProject section */

/* Begin PBXResourcesBuildPhase section */
		28BA5967216A25310092C090 /* Resources */ = {
			isa = PBXResourcesBuildPhase;
			buildActionMask = 2147483647;
			files = (
				28BA5977216A25330092C090 /* LaunchScreen.storyboard in Resources */,
				28BA59AB216A2BBD0092C090 /* Search.storyboard in Resources */,
				28BA5974216A25330092C090 /* Assets.xcassets in Resources */,
			);
			runOnlyForDeploymentPostprocessing = 0;
		};
		28BA597B216A25330092C090 /* Resources */ = {
			isa = PBXResourcesBuildPhase;
			buildActionMask = 2147483647;
			files = (
			);
			runOnlyForDeploymentPostprocessing = 0;
		};
		28BA5986216A25330092C090 /* Resources */ = {
			isa = PBXResourcesBuildPhase;
			buildActionMask = 2147483647;
			files = (
			);
			runOnlyForDeploymentPostprocessing = 0;
		};
/* End PBXResourcesBuildPhase section */

/* Begin PBXSourcesBuildPhase section */
		28BA5965216A25310092C090 /* Sources */ = {
			isa = PBXSourcesBuildPhase;
			buildActionMask = 2147483647;
			files = (
				28BA59AD216A2CE50092C090 /* SearchViewController.swift in Sources */,
				28BA59A8216A2B440092C090 /* Router.swift in Sources */,
				28BA59AF216A2D010092C090 /* SearchViewModel.swift in Sources */,
				28BA596D216A25310092C090 /* AppDelegate.swift in Sources */,
			);
			runOnlyForDeploymentPostprocessing = 0;
		};
		28BA5979216A25330092C090 /* Sources */ = {
			isa = PBXSourcesBuildPhase;
			buildActionMask = 2147483647;
			files = (
				28BA5982216A25330092C090 /* WikipediaDemoTests.swift in Sources */,
			);
			runOnlyForDeploymentPostprocessing = 0;
		};
		28BA5984216A25330092C090 /* Sources */ = {
			isa = PBXSourcesBuildPhase;
			buildActionMask = 2147483647;
			files = (
				28BA598D216A25330092C090 /* WikipediaDemoUITests.swift in Sources */,
			);
			runOnlyForDeploymentPostprocessing = 0;
		};
/* End PBXSourcesBuildPhase section */

/* Begin PBXTargetDependency section */
		28BA597F216A25330092C090 /* PBXTargetDependency */ = {
			isa = PBXTargetDependency;
			target = 28BA5968216A25310092C090 /* WikipediaDemo */;
			targetProxy = 28BA597E216A25330092C090 /* PBXContainerItemProxy */;
		};
		28BA598A216A25330092C090 /* PBXTargetDependency */ = {
			isa = PBXTargetDependency;
			target = 28BA5968216A25310092C090 /* WikipediaDemo */;
			targetProxy = 28BA5989216A25330092C090 /* PBXContainerItemProxy */;
		};
/* End PBXTargetDependency section */

/* Begin PBXVariantGroup section */
		28BA5975216A25330092C090 /* LaunchScreen.storyboard */ = {
			isa = PBXVariantGroup;
			children = (
				28BA5976216A25330092C090 /* Base */,
			);
			name = LaunchScreen.storyboard;
			sourceTree = "<group>";
		};
		28BA59A9216A2BBD0092C090 /* Search.storyboard */ = {
			isa = PBXVariantGroup;
			children = (
				28BA59AA216A2BBD0092C090 /* Base */,
			);
			name = Search.storyboard;
			sourceTree = "<group>";
		};
/* End PBXVariantGroup section */

/* Begin XCBuildConfiguration section */
		28BA598F216A25330092C090 /* Debug */ = {
			isa = XCBuildConfiguration;
			buildSettings = {
				ALWAYS_SEARCH_USER_PATHS = NO;
				CLANG_ANALYZER_NONNULL = YES;
				CLANG_ANALYZER_NUMBER_OBJECT_CONVERSION = YES_AGGRESSIVE;
				CLANG_CXX_LANGUAGE_STANDARD = "gnu++14";
				CLANG_CXX_LIBRARY = "libc++";
				CLANG_ENABLE_MODULES = YES;
				CLANG_ENABLE_OBJC_ARC = YES;
				CLANG_ENABLE_OBJC_WEAK = YES;
				CLANG_WARN_BLOCK_CAPTURE_AUTORELEASING = YES;
				CLANG_WARN_BOOL_CONVERSION = YES;
				CLANG_WARN_COMMA = YES;
				CLANG_WARN_CONSTANT_CONVERSION = YES;
				CLANG_WARN_DEPRECATED_OBJC_IMPLEMENTATIONS = YES;
				CLANG_WARN_DIRECT_OBJC_ISA_USAGE = YES_ERROR;
				CLANG_WARN_DOCUMENTATION_COMMENTS = YES;
				CLANG_WARN_EMPTY_BODY = YES;
				CLANG_WARN_ENUM_CONVERSION = YES;
				CLANG_WARN_INFINITE_RECURSION = YES;
				CLANG_WARN_INT_CONVERSION = YES;
				CLANG_WARN_NON_LITERAL_NULL_CONVERSION = YES;
				CLANG_WARN_OBJC_IMPLICIT_RETAIN_SELF = YES;
				CLANG_WARN_OBJC_LITERAL_CONVERSION = YES;
				CLANG_WARN_OBJC_ROOT_CLASS = YES_ERROR;
				CLANG_WARN_RANGE_LOOP_ANALYSIS = YES;
				CLANG_WARN_STRICT_PROTOTYPES = YES;
				CLANG_WARN_SUSPICIOUS_MOVE = YES;
				CLANG_WARN_UNGUARDED_AVAILABILITY = YES_AGGRESSIVE;
				CLANG_WARN_UNREACHABLE_CODE = YES;
				CLANG_WARN__DUPLICATE_METHOD_MATCH = YES;
				CODE_SIGN_IDENTITY = "iPhone Developer";
				COPY_PHASE_STRIP = NO;
				DEBUG_INFORMATION_FORMAT = dwarf;
				ENABLE_STRICT_OBJC_MSGSEND = YES;
				ENABLE_TESTABILITY = YES;
				GCC_C_LANGUAGE_STANDARD = gnu11;
				GCC_DYNAMIC_NO_PIC = NO;
				GCC_NO_COMMON_BLOCKS = YES;
				GCC_OPTIMIZATION_LEVEL = 0;
				GCC_PREPROCESSOR_DEFINITIONS = (
					"DEBUG=1",
					"$(inherited)",
				);
				GCC_WARN_64_TO_32_BIT_CONVERSION = YES;
				GCC_WARN_ABOUT_RETURN_TYPE = YES_ERROR;
				GCC_WARN_UNDECLARED_SELECTOR = YES;
				GCC_WARN_UNINITIALIZED_AUTOS = YES_AGGRESSIVE;
				GCC_WARN_UNUSED_FUNCTION = YES;
				GCC_WARN_UNUSED_VARIABLE = YES;
				IPHONEOS_DEPLOYMENT_TARGET = 11.4;
				MTL_ENABLE_DEBUG_INFO = YES;
				ONLY_ACTIVE_ARCH = YES;
				SDKROOT = iphoneos;
				SWIFT_ACTIVE_COMPILATION_CONDITIONS = DEBUG;
				SWIFT_OPTIMIZATION_LEVEL = "-Onone";
			};
			name = Debug;
		};
		28BA5990216A25330092C090 /* Release */ = {
			isa = XCBuildConfiguration;
			buildSettings = {
				ALWAYS_SEARCH_USER_PATHS = NO;
				CLANG_ANALYZER_NONNULL = YES;
				CLANG_ANALYZER_NUMBER_OBJECT_CONVERSION = YES_AGGRESSIVE;
				CLANG_CXX_LANGUAGE_STANDARD = "gnu++14";
				CLANG_CXX_LIBRARY = "libc++";
				CLANG_ENABLE_MODULES = YES;
				CLANG_ENABLE_OBJC_ARC = YES;
				CLANG_ENABLE_OBJC_WEAK = YES;
				CLANG_WARN_BLOCK_CAPTURE_AUTORELEASING = YES;
				CLANG_WARN_BOOL_CONVERSION = YES;
				CLANG_WARN_COMMA = YES;
				CLANG_WARN_CONSTANT_CONVERSION = YES;
				CLANG_WARN_DEPRECATED_OBJC_IMPLEMENTATIONS = YES;
				CLANG_WARN_DIRECT_OBJC_ISA_USAGE = YES_ERROR;
				CLANG_WARN_DOCUMENTATION_COMMENTS = YES;
				CLANG_WARN_EMPTY_BODY = YES;
				CLANG_WARN_ENUM_CONVERSION = YES;
				CLANG_WARN_INFINITE_RECURSION = YES;
				CLANG_WARN_INT_CONVERSION = YES;
				CLANG_WARN_NON_LITERAL_NULL_CONVERSION = YES;
				CLANG_WARN_OBJC_IMPLICIT_RETAIN_SELF = YES;
				CLANG_WARN_OBJC_LITERAL_CONVERSION = YES;
				CLANG_WARN_OBJC_ROOT_CLASS = YES_ERROR;
				CLANG_WARN_RANGE_LOOP_ANALYSIS = YES;
				CLANG_WARN_STRICT_PROTOTYPES = YES;
				CLANG_WARN_SUSPICIOUS_MOVE = YES;
				CLANG_WARN_UNGUARDED_AVAILABILITY = YES_AGGRESSIVE;
				CLANG_WARN_UNREACHABLE_CODE = YES;
				CLANG_WARN__DUPLICATE_METHOD_MATCH = YES;
				CODE_SIGN_IDENTITY = "iPhone Developer";
				COPY_PHASE_STRIP = NO;
				DEBUG_INFORMATION_FORMAT = "dwarf-with-dsym";
				ENABLE_NS_ASSERTIONS = NO;
				ENABLE_STRICT_OBJC_MSGSEND = YES;
				GCC_C_LANGUAGE_STANDARD = gnu11;
				GCC_NO_COMMON_BLOCKS = YES;
				GCC_WARN_64_TO_32_BIT_CONVERSION = YES;
				GCC_WARN_ABOUT_RETURN_TYPE = YES_ERROR;
				GCC_WARN_UNDECLARED_SELECTOR = YES;
				GCC_WARN_UNINITIALIZED_AUTOS = YES_AGGRESSIVE;
				GCC_WARN_UNUSED_FUNCTION = YES;
				GCC_WARN_UNUSED_VARIABLE = YES;
				IPHONEOS_DEPLOYMENT_TARGET = 11.4;
				MTL_ENABLE_DEBUG_INFO = NO;
				SDKROOT = iphoneos;
				SWIFT_COMPILATION_MODE = wholemodule;
				SWIFT_OPTIMIZATION_LEVEL = "-O";
				VALIDATE_PRODUCT = YES;
			};
			name = Release;
		};
		28BA5992216A25330092C090 /* Debug */ = {
			isa = XCBuildConfiguration;
			buildSettings = {
				ASSETCATALOG_COMPILER_APPICON_NAME = AppIcon;
				ASSETCATALOG_COMPILER_LAUNCHIMAGE_NAME = LaunchImage;
				CODE_SIGN_STYLE = Automatic;
				DEVELOPMENT_TEAM = 823XM8WAY9;
				INFOPLIST_FILE = WikipediaDemo/Common/Resources/Info.plist;
				LD_RUNPATH_SEARCH_PATHS = (
					"$(inherited)",
					"@executable_path/Frameworks",
				);
				PRODUCT_BUNDLE_IDENTIFIER = com.pradeep.WikipediaDemo;
				PRODUCT_NAME = "$(TARGET_NAME)";
				SWIFT_VERSION = 4.0;
				TARGETED_DEVICE_FAMILY = "1,2";
			};
			name = Debug;
		};
		28BA5993216A25330092C090 /* Release */ = {
			isa = XCBuildConfiguration;
			buildSettings = {
				ASSETCATALOG_COMPILER_APPICON_NAME = AppIcon;
				ASSETCATALOG_COMPILER_LAUNCHIMAGE_NAME = LaunchImage;
				CODE_SIGN_STYLE = Automatic;
				DEVELOPMENT_TEAM = 823XM8WAY9;
				INFOPLIST_FILE = WikipediaDemo/Common/Resources/Info.plist;
				LD_RUNPATH_SEARCH_PATHS = (
					"$(inherited)",
					"@executable_path/Frameworks",
				);
				PRODUCT_BUNDLE_IDENTIFIER = com.pradeep.WikipediaDemo;
				PRODUCT_NAME = "$(TARGET_NAME)";
				SWIFT_VERSION = 4.0;
				TARGETED_DEVICE_FAMILY = "1,2";
			};
			name = Release;
		};
		28BA5995216A25330092C090 /* Debug */ = {
			isa = XCBuildConfiguration;
			buildSettings = {
				ALWAYS_EMBED_SWIFT_STANDARD_LIBRARIES = YES;
				BUNDLE_LOADER = "$(TEST_HOST)";
				CODE_SIGN_STYLE = Automatic;
				DEVELOPMENT_TEAM = 823XM8WAY9;
				INFOPLIST_FILE = WikipediaDemoTests/Info.plist;
				LD_RUNPATH_SEARCH_PATHS = (
					"$(inherited)",
					"@executable_path/Frameworks",
					"@loader_path/Frameworks",
				);
				PRODUCT_BUNDLE_IDENTIFIER = com.pradeep.WikipediaDemoTests;
				PRODUCT_NAME = "$(TARGET_NAME)";
				SWIFT_VERSION = 4.0;
				TARGETED_DEVICE_FAMILY = "1,2";
				TEST_HOST = "$(BUILT_PRODUCTS_DIR)/WikipediaDemo.app/WikipediaDemo";
			};
			name = Debug;
		};
		28BA5996216A25330092C090 /* Release */ = {
			isa = XCBuildConfiguration;
			buildSettings = {
				ALWAYS_EMBED_SWIFT_STANDARD_LIBRARIES = YES;
				BUNDLE_LOADER = "$(TEST_HOST)";
				CODE_SIGN_STYLE = Automatic;
				DEVELOPMENT_TEAM = 823XM8WAY9;
				INFOPLIST_FILE = WikipediaDemoTests/Info.plist;
				LD_RUNPATH_SEARCH_PATHS = (
					"$(inherited)",
					"@executable_path/Frameworks",
					"@loader_path/Frameworks",
				);
				PRODUCT_BUNDLE_IDENTIFIER = com.pradeep.WikipediaDemoTests;
				PRODUCT_NAME = "$(TARGET_NAME)";
				SWIFT_VERSION = 4.0;
				TARGETED_DEVICE_FAMILY = "1,2";
				TEST_HOST = "$(BUILT_PRODUCTS_DIR)/WikipediaDemo.app/WikipediaDemo";
			};
			name = Release;
		};
		28BA5998216A25330092C090 /* Debug */ = {
			isa = XCBuildConfiguration;
			buildSettings = {
				ALWAYS_EMBED_SWIFT_STANDARD_LIBRARIES = YES;
				CODE_SIGN_STYLE = Automatic;
				DEVELOPMENT_TEAM = 823XM8WAY9;
				INFOPLIST_FILE = WikipediaDemoUITests/Info.plist;
				LD_RUNPATH_SEARCH_PATHS = (
					"$(inherited)",
					"@executable_path/Frameworks",
					"@loader_path/Frameworks",
				);
				PRODUCT_BUNDLE_IDENTIFIER = com.pradeep.WikipediaDemoUITests;
				PRODUCT_NAME = "$(TARGET_NAME)";
				SWIFT_VERSION = 4.0;
				TARGETED_DEVICE_FAMILY = "1,2";
				TEST_TARGET_NAME = WikipediaDemo;
			};
			name = Debug;
		};
		28BA5999216A25330092C090 /* Release */ = {
			isa = XCBuildConfiguration;
			buildSettings = {
				ALWAYS_EMBED_SWIFT_STANDARD_LIBRARIES = YES;
				CODE_SIGN_STYLE = Automatic;
				DEVELOPMENT_TEAM = 823XM8WAY9;
				INFOPLIST_FILE = WikipediaDemoUITests/Info.plist;
				LD_RUNPATH_SEARCH_PATHS = (
					"$(inherited)",
					"@executable_path/Frameworks",
					"@loader_path/Frameworks",
				);
				PRODUCT_BUNDLE_IDENTIFIER = com.pradeep.WikipediaDemoUITests;
				PRODUCT_NAME = "$(TARGET_NAME)";
				SWIFT_VERSION = 4.0;
				TARGETED_DEVICE_FAMILY = "1,2";
				TEST_TARGET_NAME = WikipediaDemo;
			};
			name = Release;
		};
/* End XCBuildConfiguration section */

/* Begin XCConfigurationList section */
		28BA5964216A25310092C090 /* Build configuration list for PBXProject "WikipediaDemo" */ = {
			isa = XCConfigurationList;
			buildConfigurations = (
				28BA598F216A25330092C090 /* Debug */,
				28BA5990216A25330092C090 /* Release */,
			);
			defaultConfigurationIsVisible = 0;
			defaultConfigurationName = Release;
		};
		28BA5991216A25330092C090 /* Build configuration list for PBXNativeTarget "WikipediaDemo" */ = {
			isa = XCConfigurationList;
			buildConfigurations = (
				28BA5992216A25330092C090 /* Debug */,
				28BA5993216A25330092C090 /* Release */,
			);
			defaultConfigurationIsVisible = 0;
			defaultConfigurationName = Release;
		};
		28BA5994216A25330092C090 /* Build configuration list for PBXNativeTarget "WikipediaDemoTests" */ = {
			isa = XCConfigurationList;
			buildConfigurations = (
				28BA5995216A25330092C090 /* Debug */,
				28BA5996216A25330092C090 /* Release */,
			);
			defaultConfigurationIsVisible = 0;
			defaultConfigurationName = Release;
		};
		28BA5997216A25330092C090 /* Build configuration list for PBXNativeTarget "WikipediaDemoUITests" */ = {
			isa = XCConfigurationList;
			buildConfigurations = (
				28BA5998216A25330092C090 /* Debug */,
				28BA5999216A25330092C090 /* Release */,
			);
			defaultConfigurationIsVisible = 0;
			defaultConfigurationName = Release;
		};
/* End XCConfigurationList section */
	};
	rootObject = 28BA5961216A25310092C090 /* Project object */;
}
